
Microsoft Visual Studio Solution File, Format Version 12.00
# Visual Studio Version 17
VisualStudioVersion = 17.2.32526.322
MinimumVisualStudioVersion = 10.0.40219.1
Project("{FAE04EC0-301F-11D3-BF4B-00C04F79EFBC}") = "Prakt7", "Prakt7\Prakt7.csproj", "{48ECE192-3EFD-4E3B-BEFC-60FD8493B01D}"
EndProject
Global
	GlobalSection(SolutionConfigurationPlatforms) = preSolution
		Debug|Any CPU = Debug|Any CPU
		Release|Any CPU = Release|Any CPU
	EndGlobalSection
	GlobalSection(ProjectConfigurationPlatforms) = postSolution
		{48ECE192-3EFD-4E3B-BEFC-60FD8493B01D}.Debug|Any CPU.ActiveCfg = Debug|Any CPU
		{48ECE192-3EFD-4E3B-BEFC-60FD8493B01D}.Debug|Any CPU.Build.0 = Debug|Any CPU
		{48ECE192-3EFD-4E3B-BEFC-60FD8493B01D}.Release|Any CPU.ActiveCfg = Release|Any CPU
		{48ECE192-3EFD-4E3B-BEFC-60FD8493B01D}.Release|Any CPU.Build.0 = Release|Any CPU
	EndGlobalSection
	GlobalSection(SolutionProperties) = preSolution
		HideSolutionNode = FALSE
	EndGlobalSection
	GlobalSection(ExtensibilityGlobals) = postSolution
		SolutionGuid = {D2131925-E941-4111-97DA-B8290B93E0AB}
	EndGlobalSection
EndGlobal
